
Microsoft Visual Studio Solution File, Format Version 12.00
# Visual Studio 15
Project("{FAE04EC0-301F-11D3-BF4B-00C04F79EFBC}") = "Assembly-CSharp-Editor", "Assembly-CSharp-Editor.csproj", "{907AE224-0967-5AA8-26A3-49C4D2995088}"
EndProject
Project("{FAE04EC0-301F-11D3-BF4B-00C04F79EFBC}") = "Assembly-CSharp", "Assembly-CSharp.csproj", "{B6D83878-5321-D341-21E3-3BD716E59B2E}"
EndProject
Global
	GlobalSection(SolutionConfigurationPlatforms) = preSolution
		Debug|Any CPU = Debug|Any CPU
		Release|Any CPU = Release|Any CPU
	EndGlobalSection
	GlobalSection(ProjectConfigurationPlatforms) = postSolution
		{907AE224-0967-5AA8-26A3-49C4D2995088}.Debug|Any CPU.ActiveCfg = Debug|Any CPU
		{907AE224-0967-5AA8-26A3-49C4D2995088}.Debug|Any CPU.Build.0 = Debug|Any CPU
		{907AE224-0967-5AA8-26A3-49C4D2995088}.Release|Any CPU.ActiveCfg = Release|Any CPU
		{907AE224-0967-5AA8-26A3-49C4D2995088}.Release|Any CPU.Build.0 = Release|Any CPU
		{B6D83878-5321-D341-21E3-3BD716E59B2E}.Debug|Any CPU.ActiveCfg = Debug|Any CPU
		{B6D83878-5321-D341-21E3-3BD716E59B2E}.Debug|Any CPU.Build.0 = Debug|Any CPU
		{B6D83878-5321-D341-21E3-3BD716E59B2E}.Release|Any CPU.ActiveCfg = Release|Any CPU
		{B6D83878-5321-D341-21E3-3BD716E59B2E}.Release|Any CPU.Build.0 = Release|Any CPU
	EndGlobalSection
	GlobalSection(SolutionProperties) = preSolution
		HideSolutionNode = FALSE
	EndGlobalSection
EndGlobal
